
Microsoft Visual Studio Solution File, Format Version 12.00
# Visual Studio Version 16
VisualStudioVersion = 16.0.28516.95
MinimumVisualStudioVersion = 10.0.40219.1
Project("{9A19103F-16F7-4668-BE54-9A1E7A4F7556}") = "Hermes.EndpointLoadBalancer.Service", "Hermes.EndpointLoadBalancer.Service\Hermes.EndpointLoadBalancer.Service.csproj", "{45A5846B-2EBE-4C4E-B72B-FF6822E63EFC}"
EndProject
Project("{FAE04EC0-301F-11D3-BF4B-00C04F79EFBC}") = "Hermes.Console", "Hermes.Console\Hermes.Console.csproj", "{8D9E03FC-1911-4EDA-97B6-D50689277154}"
EndProject
Project("{2150E333-8FDC-42A3-9474-1A3956D46DE8}") = "Interfaces", "Interfaces", "{F59C7890-5EFE-4B2A-BA4D-4007AC343C58}"
EndProject
Project("{2150E333-8FDC-42A3-9474-1A3956D46DE8}") = "Messages", "Messages", "{5DAD0181-B081-4D18-8A17-038DFD84D424}"
EndProject
Project("{FAE04EC0-301F-11D3-BF4B-00C04F79EFBC}") = "DocumentGenerationMessageInterface", "AdobeMessageInterface\DocumentGenerationMessageInterface.csproj", "{873497DD-BB87-4E80-83CE-0A3F7E2DA5E9}"
EndProject
Project("{FAE04EC0-301F-11D3-BF4B-00C04F79EFBC}") = "EnvelopeMessageInterface", "EnvelopeMessage\EnvelopeMessageInterface.csproj", "{7DD6D5A5-D078-4D03-B575-680FF721BAB6}"
EndProject
Project("{2150E333-8FDC-42A3-9474-1A3956D46DE8}") = "DocumentGeneration", "DocumentGeneration", "{9519DBCC-3EA1-4217-AF52-DF145072A88F}"
EndProject
Project("{2150E333-8FDC-42A3-9474-1A3956D46DE8}") = "Envelope", "Envelope", "{7E8426F9-325B-41AC-A940-B0094CE835AF}"
EndProject
Project("{2150E333-8FDC-42A3-9474-1A3956D46DE8}") = "Implementations", "Implementations", "{57E0D50D-6A5D-4546-8544-25B151F8B95D}"
EndProject
Project("{FAE04EC0-301F-11D3-BF4B-00C04F79EFBC}") = "DocumentGenerationMessage.Adobe", "DocumentGenerationMessage.Adobe\DocumentGenerationMessage.Adobe.csproj", "{D616681F-DFF6-4518-9421-1623A1AAE2C8}"
EndProject
Project("{2150E333-8FDC-42A3-9474-1A3956D46DE8}") = "Handlers", "Handlers", "{134B02F4-33D8-4F04-82BC-3C8007343C8E}"
EndProject
Project("{2150E333-8FDC-42A3-9474-1A3956D46DE8}") = "DocumentGeneration", "DocumentGeneration", "{A5F84C1B-CCAD-4088-9121-3A57DD9E96F9}"
EndProject
Project("{2150E333-8FDC-42A3-9474-1A3956D46DE8}") = "Envelope", "Envelope", "{E9DF7D28-5925-4791-8F15-134693F6270F}"
EndProject
Project("{FAE04EC0-301F-11D3-BF4B-00C04F79EFBC}") = "DocumentGenerationMessageHandler", "DocumentGenerationHandler\DocumentGenerationMessageHandler.csproj", "{CD3B7AE3-ADC4-4970-B311-D4389BB0E11B}"
EndProject
Project("{FAE04EC0-301F-11D3-BF4B-00C04F79EFBC}") = "EnvelopeMessageHandler", "EnvelopeHandler\EnvelopeMessageHandler.csproj", "{151BA7A1-9B56-4C58-8963-9CAE1F19613F}"
EndProject
Project("{2150E333-8FDC-42A3-9474-1A3956D46DE8}") = "Adobe", "Adobe", "{7928A8B3-DE29-4A29-86B7-3EF8454CA96C}"
EndProject
Project("{2150E333-8FDC-42A3-9474-1A3956D46DE8}") = "Implementations", "Implementations", "{7167BF4A-027F-4059-9148-D803D37C8623}"
EndProject
Project("{2150E333-8FDC-42A3-9474-1A3956D46DE8}") = "Base", "Base", "{B9EB164A-6D5C-4A59-B025-4DC6920F36E2}"
EndProject
Project("{FAE04EC0-301F-11D3-BF4B-00C04F79EFBC}") = "EnvelopeMessage.Base", "EnvelopeMessage.Base\EnvelopeMessage.Base.csproj", "{2FA18FDB-39CB-4371-A658-2F6335DA4A51}"
EndProject
Project("{9A19103F-16F7-4668-BE54-9A1E7A4F7556}") = "Hermes.EndpointWorker.Service", "Hermes.EndpointWorker.Service\Hermes.EndpointWorker.Service.csproj", "{F122A588-9D6A-46FA-99A4-9580023ED799}"
EndProject
Project("{2150E333-8FDC-42A3-9474-1A3956D46DE8}") = "Common", "Common", "{6A2069F9-1F8C-4555-9F5E-91B048F6F85C}"
EndProject
Project("{2150E333-8FDC-42A3-9474-1A3956D46DE8}") = "Interfaces", "Interfaces", "{55E924B2-180B-49AA-A871-2FD2979987AF}"
EndProject
Project("{2150E333-8FDC-42A3-9474-1A3956D46DE8}") = "Datatypes", "Datatypes", "{BE96E0D2-E426-4290-8800-41033B3E0C1B}"
EndProject
Project("{FAE04EC0-301F-11D3-BF4B-00C04F79EFBC}") = "Hermes.Common.Datatypes", "Hermes.Common.Datatypes\Hermes.Common.Datatypes.csproj", "{4C639154-E52B-43B8-98C7-87FB3CE747E2}"
EndProject
Project("{FAE04EC0-301F-11D3-BF4B-00C04F79EFBC}") = "Hermes.Common.Interfaces", "Hermes.Common.Interfaces\Hermes.Common.Interfaces.csproj", "{12C25C3F-0895-4D19-8CEE-844BF6ACC221}"
EndProject
Project("{9A19103F-16F7-4668-BE54-9A1E7A4F7556}") = "Hermes.Management.Web", "Hermes.Management.Web\Hermes.Management.Web.csproj", "{07E04C09-8AB7-4DFF-B0BB-73C832F0CA6B}"
EndProject
Project("{FAE04EC0-301F-11D3-BF4B-00C04F79EFBC}") = "Hermes.Test.Web", "Hermes.Test.Web\Hermes.Test.Web.csproj", "{578E25FB-09E5-4C8F-A0D3-8D9636133793}"
EndProject
Project("{FAE04EC0-301F-11D3-BF4B-00C04F79EFBC}") = "Hermes.Messages", "Hermes.Messages\Hermes.Messages.csproj", "{CE10245D-30C8-4E88-9A7A-98E619C2D64A}"
EndProject
Global
	GlobalSection(SolutionConfigurationPlatforms) = preSolution
		Debug|Any CPU = Debug|Any CPU
		Release|Any CPU = Release|Any CPU
	EndGlobalSection
	GlobalSection(ProjectConfigurationPlatforms) = postSolution
		{45A5846B-2EBE-4C4E-B72B-FF6822E63EFC}.Debug|Any CPU.ActiveCfg = Debug|Any CPU
		{45A5846B-2EBE-4C4E-B72B-FF6822E63EFC}.Debug|Any CPU.Build.0 = Debug|Any CPU
		{45A5846B-2EBE-4C4E-B72B-FF6822E63EFC}.Release|Any CPU.ActiveCfg = Release|Any CPU
		{45A5846B-2EBE-4C4E-B72B-FF6822E63EFC}.Release|Any CPU.Build.0 = Release|Any CPU
		{8D9E03FC-1911-4EDA-97B6-D50689277154}.Debug|Any CPU.ActiveCfg = Debug|Any CPU
		{8D9E03FC-1911-4EDA-97B6-D50689277154}.Debug|Any CPU.Build.0 = Debug|Any CPU
		{8D9E03FC-1911-4EDA-97B6-D50689277154}.Release|Any CPU.ActiveCfg = Release|Any CPU
		{8D9E03FC-1911-4EDA-97B6-D50689277154}.Release|Any CPU.Build.0 = Release|Any CPU
		{873497DD-BB87-4E80-83CE-0A3F7E2DA5E9}.Debug|Any CPU.ActiveCfg = Debug|Any CPU
		{873497DD-BB87-4E80-83CE-0A3F7E2DA5E9}.Debug|Any CPU.Build.0 = Debug|Any CPU
		{873497DD-BB87-4E80-83CE-0A3F7E2DA5E9}.Release|Any CPU.ActiveCfg = Release|Any CPU
		{873497DD-BB87-4E80-83CE-0A3F7E2DA5E9}.Release|Any CPU.Build.0 = Release|Any CPU
		{7DD6D5A5-D078-4D03-B575-680FF721BAB6}.Debug|Any CPU.ActiveCfg = Debug|Any CPU
		{7DD6D5A5-D078-4D03-B575-680FF721BAB6}.Debug|Any CPU.Build.0 = Debug|Any CPU
		{7DD6D5A5-D078-4D03-B575-680FF721BAB6}.Release|Any CPU.ActiveCfg = Release|Any CPU
		{7DD6D5A5-D078-4D03-B575-680FF721BAB6}.Release|Any CPU.Build.0 = Release|Any CPU
		{D616681F-DFF6-4518-9421-1623A1AAE2C8}.Debug|Any CPU.ActiveCfg = Debug|Any CPU
		{D616681F-DFF6-4518-9421-1623A1AAE2C8}.Debug|Any CPU.Build.0 = Debug|Any CPU
		{D616681F-DFF6-4518-9421-1623A1AAE2C8}.Release|Any CPU.ActiveCfg = Release|Any CPU
		{D616681F-DFF6-4518-9421-1623A1AAE2C8}.Release|Any CPU.Build.0 = Release|Any CPU
		{CD3B7AE3-ADC4-4970-B311-D4389BB0E11B}.Debug|Any CPU.ActiveCfg = Debug|Any CPU
		{CD3B7AE3-ADC4-4970-B311-D4389BB0E11B}.Debug|Any CPU.Build.0 = Debug|Any CPU
		{CD3B7AE3-ADC4-4970-B311-D4389BB0E11B}.Release|Any CPU.ActiveCfg = Release|Any CPU
		{CD3B7AE3-ADC4-4970-B311-D4389BB0E11B}.Release|Any CPU.Build.0 = Release|Any CPU
		{151BA7A1-9B56-4C58-8963-9CAE1F19613F}.Debug|Any CPU.ActiveCfg = Debug|Any CPU
		{151BA7A1-9B56-4C58-8963-9CAE1F19613F}.Debug|Any CPU.Build.0 = Debug|Any CPU
		{151BA7A1-9B56-4C58-8963-9CAE1F19613F}.Release|Any CPU.ActiveCfg = Release|Any CPU
		{151BA7A1-9B56-4C58-8963-9CAE1F19613F}.Release|Any CPU.Build.0 = Release|Any CPU
		{2FA18FDB-39CB-4371-A658-2F6335DA4A51}.Debug|Any CPU.ActiveCfg = Debug|Any CPU
		{2FA18FDB-39CB-4371-A658-2F6335DA4A51}.Debug|Any CPU.Build.0 = Debug|Any CPU
		{2FA18FDB-39CB-4371-A658-2F6335DA4A51}.Release|Any CPU.ActiveCfg = Release|Any CPU
		{2FA18FDB-39CB-4371-A658-2F6335DA4A51}.Release|Any CPU.Build.0 = Release|Any CPU
		{F122A588-9D6A-46FA-99A4-9580023ED799}.Debug|Any CPU.ActiveCfg = Debug|Any CPU
		{F122A588-9D6A-46FA-99A4-9580023ED799}.Debug|Any CPU.Build.0 = Debug|Any CPU
		{F122A588-9D6A-46FA-99A4-9580023ED799}.Release|Any CPU.ActiveCfg = Release|Any CPU
		{F122A588-9D6A-46FA-99A4-9580023ED799}.Release|Any CPU.Build.0 = Release|Any CPU
		{4C639154-E52B-43B8-98C7-87FB3CE747E2}.Debug|Any CPU.ActiveCfg = Debug|Any CPU
		{4C639154-E52B-43B8-98C7-87FB3CE747E2}.Debug|Any CPU.Build.0 = Debug|Any CPU
		{4C639154-E52B-43B8-98C7-87FB3CE747E2}.Release|Any CPU.ActiveCfg = Release|Any CPU
		{4C639154-E52B-43B8-98C7-87FB3CE747E2}.Release|Any CPU.Build.0 = Release|Any CPU
		{12C25C3F-0895-4D19-8CEE-844BF6ACC221}.Debug|Any CPU.ActiveCfg = Debug|Any CPU
		{12C25C3F-0895-4D19-8CEE-844BF6ACC221}.Debug|Any CPU.Build.0 = Debug|Any CPU
		{12C25C3F-0895-4D19-8CEE-844BF6ACC221}.Release|Any CPU.ActiveCfg = Release|Any CPU
		{12C25C3F-0895-4D19-8CEE-844BF6ACC221}.Release|Any CPU.Build.0 = Release|Any CPU
		{07E04C09-8AB7-4DFF-B0BB-73C832F0CA6B}.Debug|Any CPU.ActiveCfg = Debug|Any CPU
		{07E04C09-8AB7-4DFF-B0BB-73C832F0CA6B}.Debug|Any CPU.Build.0 = Debug|Any CPU
		{07E04C09-8AB7-4DFF-B0BB-73C832F0CA6B}.Release|Any CPU.ActiveCfg = Release|Any CPU
		{07E04C09-8AB7-4DFF-B0BB-73C832F0CA6B}.Release|Any CPU.Build.0 = Release|Any CPU
		{578E25FB-09E5-4C8F-A0D3-8D9636133793}.Debug|Any CPU.ActiveCfg = Debug|Any CPU
		{578E25FB-09E5-4C8F-A0D3-8D9636133793}.Debug|Any CPU.Build.0 = Debug|Any CPU
		{578E25FB-09E5-4C8F-A0D3-8D9636133793}.Release|Any CPU.ActiveCfg = Release|Any CPU
		{578E25FB-09E5-4C8F-A0D3-8D9636133793}.Release|Any CPU.Build.0 = Release|Any CPU
		{CE10245D-30C8-4E88-9A7A-98E619C2D64A}.Debug|Any CPU.ActiveCfg = Debug|Any CPU
		{CE10245D-30C8-4E88-9A7A-98E619C2D64A}.Debug|Any CPU.Build.0 = Debug|Any CPU
		{CE10245D-30C8-4E88-9A7A-98E619C2D64A}.Release|Any CPU.ActiveCfg = Release|Any CPU
		{CE10245D-30C8-4E88-9A7A-98E619C2D64A}.Release|Any CPU.Build.0 = Release|Any CPU
	EndGlobalSection
	GlobalSection(SolutionProperties) = preSolution
		HideSolutionNode = FALSE
	EndGlobalSection
	GlobalSection(NestedProjects) = preSolution
		{5DAD0181-B081-4D18-8A17-038DFD84D424} = {F59C7890-5EFE-4B2A-BA4D-4007AC343C58}
		{873497DD-BB87-4E80-83CE-0A3F7E2DA5E9} = {9519DBCC-3EA1-4217-AF52-DF145072A88F}
		{7DD6D5A5-D078-4D03-B575-680FF721BAB6} = {7E8426F9-325B-41AC-A940-B0094CE835AF}
		{9519DBCC-3EA1-4217-AF52-DF145072A88F} = {5DAD0181-B081-4D18-8A17-038DFD84D424}
		{7E8426F9-325B-41AC-A940-B0094CE835AF} = {5DAD0181-B081-4D18-8A17-038DFD84D424}
		{57E0D50D-6A5D-4546-8544-25B151F8B95D} = {9519DBCC-3EA1-4217-AF52-DF145072A88F}
		{D616681F-DFF6-4518-9421-1623A1AAE2C8} = {7928A8B3-DE29-4A29-86B7-3EF8454CA96C}
		{A5F84C1B-CCAD-4088-9121-3A57DD9E96F9} = {134B02F4-33D8-4F04-82BC-3C8007343C8E}
		{E9DF7D28-5925-4791-8F15-134693F6270F} = {134B02F4-33D8-4F04-82BC-3C8007343C8E}
		{CD3B7AE3-ADC4-4970-B311-D4389BB0E11B} = {A5F84C1B-CCAD-4088-9121-3A57DD9E96F9}
		{151BA7A1-9B56-4C58-8963-9CAE1F19613F} = {E9DF7D28-5925-4791-8F15-134693F6270F}
		{7928A8B3-DE29-4A29-86B7-3EF8454CA96C} = {57E0D50D-6A5D-4546-8544-25B151F8B95D}
		{7167BF4A-027F-4059-9148-D803D37C8623} = {7E8426F9-325B-41AC-A940-B0094CE835AF}
		{B9EB164A-6D5C-4A59-B025-4DC6920F36E2} = {7167BF4A-027F-4059-9148-D803D37C8623}
		{2FA18FDB-39CB-4371-A658-2F6335DA4A51} = {B9EB164A-6D5C-4A59-B025-4DC6920F36E2}
		{55E924B2-180B-49AA-A871-2FD2979987AF} = {6A2069F9-1F8C-4555-9F5E-91B048F6F85C}
		{BE96E0D2-E426-4290-8800-41033B3E0C1B} = {6A2069F9-1F8C-4555-9F5E-91B048F6F85C}
		{4C639154-E52B-43B8-98C7-87FB3CE747E2} = {BE96E0D2-E426-4290-8800-41033B3E0C1B}
		{12C25C3F-0895-4D19-8CEE-844BF6ACC221} = {55E924B2-180B-49AA-A871-2FD2979987AF}
		{CE10245D-30C8-4E88-9A7A-98E619C2D64A} = {F59C7890-5EFE-4B2A-BA4D-4007AC343C58}
	EndGlobalSection
	GlobalSection(ExtensibilityGlobals) = postSolution
		SolutionGuid = {FD8639CC-82FC-479A-915A-BDE93A675C4D}
	EndGlobalSection
EndGlobal
