
Microsoft Visual Studio Solution File, Format Version 12.00
# Visual Studio Version 16
VisualStudioVersion = 16.0.28516.95
MinimumVisualStudioVersion = 10.0.40219.1
Project("{9A19103F-16F7-4668-BE54-9A1E7A4F7556}") = "Hermes.EndpointLoadBalancer.Service", "Hermes.EndpointLoadBalancer.Service\Hermes.EndpointLoadBalancer.Service.csproj", "{45A5846B-2EBE-4C4E-B72B-FF6822E63EFC}"
EndProject
Project("{FAE04EC0-301F-11D3-BF4B-00C04F79EFBC}") = "Hermes.Console", "Hermes.Console\Hermes.Console.csproj", "{8D9E03FC-1911-4EDA-97B6-D50689277154}"
EndProject
Project("{2150E333-8FDC-42A3-9474-1A3956D46DE8}") = "Interfaces", "Interfaces", "{F59C7890-5EFE-4B2A-BA4D-4007AC343C58}"
EndProject
Project("{2150E333-8FDC-42A3-9474-1A3956D46DE8}") = "Messages", "Messages", "{5DAD0181-B081-4D18-8A17-038DFD84D424}"
EndProject
Project("{FAE04EC0-301F-11D3-BF4B-00C04F79EFBC}") = "DocumentGenerationMessageInterface", "AdobeMessageInterface\DocumentGenerationMessageInterface.csproj", "{873497DD-BB87-4E80-83CE-0A3F7E2DA5E9}"
EndProject
Project("{FAE04EC0-301F-11D3-BF4B-00C04F79EFBC}") = "EnvelopeMessageInterface", "EnvelopeMessage\EnvelopeMessageInterface.csproj", "{7DD6D5A5-D078-4D03-B575-680FF721BAB6}"
EndProject
Project("{2150E333-8FDC-42A3-9474-1A3956D46DE8}") = "DocumentGeneration", "DocumentGeneration", "{9519DBCC-3EA1-4217-AF52-DF145072A88F}"
EndProject
Project("{2150E333-8FDC-42A3-9474-1A3956D46DE8}") = "Envelope", "Envelope", "{7E8426F9-325B-41AC-A940-B0094CE835AF}"
EndProject
Project("{2150E333-8FDC-42A3-9474-1A3956D46DE8}") = "Implementations", "Implementations", "{57E0D50D-6A5D-4546-8544-25B151F8B95D}"
EndProject
Project("{FAE04EC0-301F-11D3-BF4B-00C04F79EFBC}") = "DocumentGenerationMessage.Adobe", "DocumentGenerationMessage.Adobe\DocumentGenerationMessage.Adobe.csproj", "{D616681F-DFF6-4518-9421-1623A1AAE2C8}"
EndProject
Project("{2150E333-8FDC-42A3-9474-1A3956D46DE8}") = "Handlers", "Handlers", "{134B02F4-33D8-4F04-82BC-3C8007343C8E}"
EndProject
Project("{2150E333-8FDC-42A3-9474-1A3956D46DE8}") = "DocumentGeneration", "DocumentGeneration", "{A5F84C1B-CCAD-4088-9121-3A57DD9E96F9}"
EndProject
Project("{2150E333-8FDC-42A3-9474-1A3956D46DE8}") = "Envelope", "Envelope", "{E9DF7D28-5925-4791-8F15-134693F6270F}"
EndProject
Project("{FAE04EC0-301F-11D3-BF4B-00C04F79EFBC}") = "DocumentGenerationMessageHandler", "DocumentGenerationHandler\DocumentGenerationMessageHandler.csproj", "{CD3B7AE3-ADC4-4970-B311-D4389BB0E11B}"
EndProject
Project("{FAE04EC0-301F-11D3-BF4B-00C04F79EFBC}") = "EnvelopeMessageHandler", "EnvelopeHandler\EnvelopeMessageHandler.csproj", "{151BA7A1-9B56-4C58-8963-9CAE1F19613F}"
EndProject
Project("{2150E333-8FDC-42A3-9474-1A3956D46DE8}") = "Adobe", "Adobe", "{7928A8B3-DE29-4A29-86B7-3EF8454CA96C}"
EndProject
Project("{2150E333-8FDC-42A3-9474-1A3956D46DE8}") = "Implementations", "Implementations", "{7167BF4A-027F-4059-9148-D803D37C8623}"
EndProject
Project("{FAE04EC0-301F-11D3-BF4B-00C04F79EFBC}") = "EnvelopeMessage", "EnvelopeMessage.Base\EnvelopeMessage.csproj", "{2FA18FDB-39CB-4371-A658-2F6335DA4A51}"
EndProject
Project("{9A19103F-16F7-4668-BE54-9A1E7A4F7556}") = "Hermes.EndpointWorker.Service", "Hermes.EndpointWorker.Service\Hermes.EndpointWorker.Service.csproj", "{F122A588-9D6A-46FA-99A4-9580023ED799}"
EndProject
Project("{2150E333-8FDC-42A3-9474-1A3956D46DE8}") = "Common", "Common", "{6A2069F9-1F8C-4555-9F5E-91B048F6F85C}"
EndProject
Project("{2150E333-8FDC-42A3-9474-1A3956D46DE8}") = "Interfaces", "Interfaces", "{55E924B2-180B-49AA-A871-2FD2979987AF}"
EndProject
Project("{2150E333-8FDC-42A3-9474-1A3956D46DE8}") = "Datatypes", "Datatypes", "{BE96E0D2-E426-4290-8800-41033B3E0C1B}"
EndProject
Project("{FAE04EC0-301F-11D3-BF4B-00C04F79EFBC}") = "Hermes.Common.Datatypes", "Hermes.Common.Datatypes\Hermes.Common.Datatypes.csproj", "{4C639154-E52B-43B8-98C7-87FB3CE747E2}"
EndProject
Project("{FAE04EC0-301F-11D3-BF4B-00C04F79EFBC}") = "Hermes.Common.Interfaces", "Hermes.Common.Interfaces\Hermes.Common.Interfaces.csproj", "{12C25C3F-0895-4D19-8CEE-844BF6ACC221}"
EndProject
Project("{9A19103F-16F7-4668-BE54-9A1E7A4F7556}") = "Hermes.Management.Web", "Hermes.Management.Web\Hermes.Management.Web.csproj", "{07E04C09-8AB7-4DFF-B0BB-73C832F0CA6B}"
EndProject
Project("{FAE04EC0-301F-11D3-BF4B-00C04F79EFBC}") = "Hermes.Test.Web", "Hermes.Test.Web\Hermes.Test.Web.csproj", "{578E25FB-09E5-4C8F-A0D3-8D9636133793}"
EndProject
Project("{2150E333-8FDC-42A3-9474-1A3956D46DE8}") = "NETS", "NETS", "{56E9E298-674F-449C-84CA-9022B39AC9DC}"
EndProject
Project("{2150E333-8FDC-42A3-9474-1A3956D46DE8}") = "ImageRight", "ImageRight", "{B7EFB46C-F1ED-41A9-8651-AF1179A51115}"
EndProject
Project("{FAE04EC0-301F-11D3-BF4B-00C04F79EFBC}") = "ImageRightMessageHandler", "ImageRightMessageHandler\ImageRightMessageHandler.csproj", "{4D7B3C35-B413-4D38-AAAE-7A6B28E6846D}"
EndProject
Project("{FAE04EC0-301F-11D3-BF4B-00C04F79EFBC}") = "NETSMessageHandler", "NETSMessageHandler\NETSMessageHandler.csproj", "{3505BE97-490D-4047-B8A9-639D39D89272}"
EndProject
Project("{2150E333-8FDC-42A3-9474-1A3956D46DE8}") = "NETS", "NETS", "{FC24E77B-B88F-403E-8A3C-3300885FFDEB}"
EndProject
Project("{2150E333-8FDC-42A3-9474-1A3956D46DE8}") = "ImageRight", "ImageRight", "{8A252D72-7EF1-41E7-82B3-D95BBE9E3105}"
EndProject
Project("{FAE04EC0-301F-11D3-BF4B-00C04F79EFBC}") = "ImageRightMessageInterface", "ImageRightMessageInterface\ImageRightMessageInterface.csproj", "{9D2CB24E-1D05-477B-A1E6-98B7B27BBDD7}"
EndProject
Project("{FAE04EC0-301F-11D3-BF4B-00C04F79EFBC}") = "NETSMessageInterface", "NETSMessageInterface\NETSMessageInterface.csproj", "{55130FF2-25E6-47EC-B910-60C19AC07494}"
EndProject
Project("{2150E333-8FDC-42A3-9474-1A3956D46DE8}") = "Implementations", "Implementations", "{DC887E0B-7DD2-4163-A250-85A9CA81AA1C}"
EndProject
Project("{2150E333-8FDC-42A3-9474-1A3956D46DE8}") = "Implementations", "Implementations", "{88E95D6C-3082-4F8C-B275-CB5D67D8AEA6}"
EndProject
Project("{FAE04EC0-301F-11D3-BF4B-00C04F79EFBC}") = "ImageRightMessage", "ImageRightMessage\ImageRightMessage.csproj", "{DA66F1F6-57DE-42F7-9C78-57AA5759B6EB}"
EndProject
Project("{FAE04EC0-301F-11D3-BF4B-00C04F79EFBC}") = "NETSMessage", "NETSMessage\NETSMessage.csproj", "{F6F2B7C3-F79F-4EA6-8267-5F1630BD0099}"
EndProject
Project("{2150E333-8FDC-42A3-9474-1A3956D46DE8}") = "OCR", "OCR", "{DFF5110D-4AC0-4562-9763-B0EB54DE28F2}"
EndProject
Project("{2150E333-8FDC-42A3-9474-1A3956D46DE8}") = "OCR", "OCR", "{3392ADA9-0C4E-46C8-A205-C96480CC7DAC}"
EndProject
Project("{FAE04EC0-301F-11D3-BF4B-00C04F79EFBC}") = "OCRMessageInterface", "OCRMessageInterface\OCRMessageInterface.csproj", "{84433529-E7B8-4A2F-B170-3DE50E6DD057}"
EndProject
Project("{FAE04EC0-301F-11D3-BF4B-00C04F79EFBC}") = "OCRMessageHandler", "OCRMessageHandler\OCRMessageHandler.csproj", "{161F0464-973D-4791-9245-87F30AD62FAA}"
EndProject
Project("{2150E333-8FDC-42A3-9474-1A3956D46DE8}") = "Implementations", "Implementations", "{3E1447A3-0059-41C6-9931-68D7E74E1320}"
EndProject
Project("{2150E333-8FDC-42A3-9474-1A3956D46DE8}") = "Navigators", "Navigators", "{1FDBBB3F-D72C-45FF-A932-951539C3BB97}"
EndProject
Project("{FAE04EC0-301F-11D3-BF4B-00C04F79EFBC}") = "OCRMessage.Navigators", "OCRMessage.Navigators\OCRMessage.Navigators.csproj", "{25FE5479-F98F-484D-93DE-EFD921DA9C60}"
EndProject
Global
	GlobalSection(SolutionConfigurationPlatforms) = preSolution
		Debug|Any CPU = Debug|Any CPU
		Release|Any CPU = Release|Any CPU
	EndGlobalSection
	GlobalSection(ProjectConfigurationPlatforms) = postSolution
		{45A5846B-2EBE-4C4E-B72B-FF6822E63EFC}.Debug|Any CPU.ActiveCfg = Debug|Any CPU
		{45A5846B-2EBE-4C4E-B72B-FF6822E63EFC}.Debug|Any CPU.Build.0 = Debug|Any CPU
		{45A5846B-2EBE-4C4E-B72B-FF6822E63EFC}.Release|Any CPU.ActiveCfg = Release|Any CPU
		{45A5846B-2EBE-4C4E-B72B-FF6822E63EFC}.Release|Any CPU.Build.0 = Release|Any CPU
		{8D9E03FC-1911-4EDA-97B6-D50689277154}.Debug|Any CPU.ActiveCfg = Debug|Any CPU
		{8D9E03FC-1911-4EDA-97B6-D50689277154}.Debug|Any CPU.Build.0 = Debug|Any CPU
		{8D9E03FC-1911-4EDA-97B6-D50689277154}.Release|Any CPU.ActiveCfg = Release|Any CPU
		{8D9E03FC-1911-4EDA-97B6-D50689277154}.Release|Any CPU.Build.0 = Release|Any CPU
		{873497DD-BB87-4E80-83CE-0A3F7E2DA5E9}.Debug|Any CPU.ActiveCfg = Debug|Any CPU
		{873497DD-BB87-4E80-83CE-0A3F7E2DA5E9}.Debug|Any CPU.Build.0 = Debug|Any CPU
		{873497DD-BB87-4E80-83CE-0A3F7E2DA5E9}.Release|Any CPU.ActiveCfg = Release|Any CPU
		{873497DD-BB87-4E80-83CE-0A3F7E2DA5E9}.Release|Any CPU.Build.0 = Release|Any CPU
		{7DD6D5A5-D078-4D03-B575-680FF721BAB6}.Debug|Any CPU.ActiveCfg = Debug|Any CPU
		{7DD6D5A5-D078-4D03-B575-680FF721BAB6}.Debug|Any CPU.Build.0 = Debug|Any CPU
		{7DD6D5A5-D078-4D03-B575-680FF721BAB6}.Release|Any CPU.ActiveCfg = Release|Any CPU
		{7DD6D5A5-D078-4D03-B575-680FF721BAB6}.Release|Any CPU.Build.0 = Release|Any CPU
		{D616681F-DFF6-4518-9421-1623A1AAE2C8}.Debug|Any CPU.ActiveCfg = Debug|Any CPU
		{D616681F-DFF6-4518-9421-1623A1AAE2C8}.Debug|Any CPU.Build.0 = Debug|Any CPU
		{D616681F-DFF6-4518-9421-1623A1AAE2C8}.Release|Any CPU.ActiveCfg = Release|Any CPU
		{D616681F-DFF6-4518-9421-1623A1AAE2C8}.Release|Any CPU.Build.0 = Release|Any CPU
		{CD3B7AE3-ADC4-4970-B311-D4389BB0E11B}.Debug|Any CPU.ActiveCfg = Debug|Any CPU
		{CD3B7AE3-ADC4-4970-B311-D4389BB0E11B}.Debug|Any CPU.Build.0 = Debug|Any CPU
		{CD3B7AE3-ADC4-4970-B311-D4389BB0E11B}.Release|Any CPU.ActiveCfg = Release|Any CPU
		{CD3B7AE3-ADC4-4970-B311-D4389BB0E11B}.Release|Any CPU.Build.0 = Release|Any CPU
		{151BA7A1-9B56-4C58-8963-9CAE1F19613F}.Debug|Any CPU.ActiveCfg = Debug|Any CPU
		{151BA7A1-9B56-4C58-8963-9CAE1F19613F}.Debug|Any CPU.Build.0 = Debug|Any CPU
		{151BA7A1-9B56-4C58-8963-9CAE1F19613F}.Release|Any CPU.ActiveCfg = Release|Any CPU
		{151BA7A1-9B56-4C58-8963-9CAE1F19613F}.Release|Any CPU.Build.0 = Release|Any CPU
		{2FA18FDB-39CB-4371-A658-2F6335DA4A51}.Debug|Any CPU.ActiveCfg = Debug|Any CPU
		{2FA18FDB-39CB-4371-A658-2F6335DA4A51}.Debug|Any CPU.Build.0 = Debug|Any CPU
		{2FA18FDB-39CB-4371-A658-2F6335DA4A51}.Release|Any CPU.ActiveCfg = Release|Any CPU
		{2FA18FDB-39CB-4371-A658-2F6335DA4A51}.Release|Any CPU.Build.0 = Release|Any CPU
		{F122A588-9D6A-46FA-99A4-9580023ED799}.Debug|Any CPU.ActiveCfg = Debug|Any CPU
		{F122A588-9D6A-46FA-99A4-9580023ED799}.Debug|Any CPU.Build.0 = Debug|Any CPU
		{F122A588-9D6A-46FA-99A4-9580023ED799}.Release|Any CPU.ActiveCfg = Release|Any CPU
		{F122A588-9D6A-46FA-99A4-9580023ED799}.Release|Any CPU.Build.0 = Release|Any CPU
		{4C639154-E52B-43B8-98C7-87FB3CE747E2}.Debug|Any CPU.ActiveCfg = Debug|Any CPU
		{4C639154-E52B-43B8-98C7-87FB3CE747E2}.Debug|Any CPU.Build.0 = Debug|Any CPU
		{4C639154-E52B-43B8-98C7-87FB3CE747E2}.Release|Any CPU.ActiveCfg = Release|Any CPU
		{4C639154-E52B-43B8-98C7-87FB3CE747E2}.Release|Any CPU.Build.0 = Release|Any CPU
		{12C25C3F-0895-4D19-8CEE-844BF6ACC221}.Debug|Any CPU.ActiveCfg = Debug|Any CPU
		{12C25C3F-0895-4D19-8CEE-844BF6ACC221}.Debug|Any CPU.Build.0 = Debug|Any CPU
		{12C25C3F-0895-4D19-8CEE-844BF6ACC221}.Release|Any CPU.ActiveCfg = Release|Any CPU
		{12C25C3F-0895-4D19-8CEE-844BF6ACC221}.Release|Any CPU.Build.0 = Release|Any CPU
		{07E04C09-8AB7-4DFF-B0BB-73C832F0CA6B}.Debug|Any CPU.ActiveCfg = Debug|Any CPU
		{07E04C09-8AB7-4DFF-B0BB-73C832F0CA6B}.Debug|Any CPU.Build.0 = Debug|Any CPU
		{07E04C09-8AB7-4DFF-B0BB-73C832F0CA6B}.Release|Any CPU.ActiveCfg = Release|Any CPU
		{07E04C09-8AB7-4DFF-B0BB-73C832F0CA6B}.Release|Any CPU.Build.0 = Release|Any CPU
		{578E25FB-09E5-4C8F-A0D3-8D9636133793}.Debug|Any CPU.ActiveCfg = Debug|Any CPU
		{578E25FB-09E5-4C8F-A0D3-8D9636133793}.Debug|Any CPU.Build.0 = Debug|Any CPU
		{578E25FB-09E5-4C8F-A0D3-8D9636133793}.Release|Any CPU.ActiveCfg = Release|Any CPU
		{578E25FB-09E5-4C8F-A0D3-8D9636133793}.Release|Any CPU.Build.0 = Release|Any CPU
		{4D7B3C35-B413-4D38-AAAE-7A6B28E6846D}.Debug|Any CPU.ActiveCfg = Debug|Any CPU
		{4D7B3C35-B413-4D38-AAAE-7A6B28E6846D}.Debug|Any CPU.Build.0 = Debug|Any CPU
		{4D7B3C35-B413-4D38-AAAE-7A6B28E6846D}.Release|Any CPU.ActiveCfg = Release|Any CPU
		{4D7B3C35-B413-4D38-AAAE-7A6B28E6846D}.Release|Any CPU.Build.0 = Release|Any CPU
		{3505BE97-490D-4047-B8A9-639D39D89272}.Debug|Any CPU.ActiveCfg = Debug|Any CPU
		{3505BE97-490D-4047-B8A9-639D39D89272}.Debug|Any CPU.Build.0 = Debug|Any CPU
		{3505BE97-490D-4047-B8A9-639D39D89272}.Release|Any CPU.ActiveCfg = Release|Any CPU
		{3505BE97-490D-4047-B8A9-639D39D89272}.Release|Any CPU.Build.0 = Release|Any CPU
		{9D2CB24E-1D05-477B-A1E6-98B7B27BBDD7}.Debug|Any CPU.ActiveCfg = Debug|Any CPU
		{9D2CB24E-1D05-477B-A1E6-98B7B27BBDD7}.Debug|Any CPU.Build.0 = Debug|Any CPU
		{9D2CB24E-1D05-477B-A1E6-98B7B27BBDD7}.Release|Any CPU.ActiveCfg = Release|Any CPU
		{9D2CB24E-1D05-477B-A1E6-98B7B27BBDD7}.Release|Any CPU.Build.0 = Release|Any CPU
		{55130FF2-25E6-47EC-B910-60C19AC07494}.Debug|Any CPU.ActiveCfg = Debug|Any CPU
		{55130FF2-25E6-47EC-B910-60C19AC07494}.Debug|Any CPU.Build.0 = Debug|Any CPU
		{55130FF2-25E6-47EC-B910-60C19AC07494}.Release|Any CPU.ActiveCfg = Release|Any CPU
		{55130FF2-25E6-47EC-B910-60C19AC07494}.Release|Any CPU.Build.0 = Release|Any CPU
		{DA66F1F6-57DE-42F7-9C78-57AA5759B6EB}.Debug|Any CPU.ActiveCfg = Debug|Any CPU
		{DA66F1F6-57DE-42F7-9C78-57AA5759B6EB}.Debug|Any CPU.Build.0 = Debug|Any CPU
		{DA66F1F6-57DE-42F7-9C78-57AA5759B6EB}.Release|Any CPU.ActiveCfg = Release|Any CPU
		{DA66F1F6-57DE-42F7-9C78-57AA5759B6EB}.Release|Any CPU.Build.0 = Release|Any CPU
		{F6F2B7C3-F79F-4EA6-8267-5F1630BD0099}.Debug|Any CPU.ActiveCfg = Debug|Any CPU
		{F6F2B7C3-F79F-4EA6-8267-5F1630BD0099}.Debug|Any CPU.Build.0 = Debug|Any CPU
		{F6F2B7C3-F79F-4EA6-8267-5F1630BD0099}.Release|Any CPU.ActiveCfg = Release|Any CPU
		{F6F2B7C3-F79F-4EA6-8267-5F1630BD0099}.Release|Any CPU.Build.0 = Release|Any CPU
		{84433529-E7B8-4A2F-B170-3DE50E6DD057}.Debug|Any CPU.ActiveCfg = Debug|Any CPU
		{84433529-E7B8-4A2F-B170-3DE50E6DD057}.Debug|Any CPU.Build.0 = Debug|Any CPU
		{84433529-E7B8-4A2F-B170-3DE50E6DD057}.Release|Any CPU.ActiveCfg = Release|Any CPU
		{84433529-E7B8-4A2F-B170-3DE50E6DD057}.Release|Any CPU.Build.0 = Release|Any CPU
		{161F0464-973D-4791-9245-87F30AD62FAA}.Debug|Any CPU.ActiveCfg = Debug|Any CPU
		{161F0464-973D-4791-9245-87F30AD62FAA}.Debug|Any CPU.Build.0 = Debug|Any CPU
		{161F0464-973D-4791-9245-87F30AD62FAA}.Release|Any CPU.ActiveCfg = Release|Any CPU
		{161F0464-973D-4791-9245-87F30AD62FAA}.Release|Any CPU.Build.0 = Release|Any CPU
		{25FE5479-F98F-484D-93DE-EFD921DA9C60}.Debug|Any CPU.ActiveCfg = Debug|Any CPU
		{25FE5479-F98F-484D-93DE-EFD921DA9C60}.Debug|Any CPU.Build.0 = Debug|Any CPU
		{25FE5479-F98F-484D-93DE-EFD921DA9C60}.Release|Any CPU.ActiveCfg = Release|Any CPU
		{25FE5479-F98F-484D-93DE-EFD921DA9C60}.Release|Any CPU.Build.0 = Release|Any CPU
	EndGlobalSection
	GlobalSection(SolutionProperties) = preSolution
		HideSolutionNode = FALSE
	EndGlobalSection
	GlobalSection(NestedProjects) = preSolution
		{5DAD0181-B081-4D18-8A17-038DFD84D424} = {F59C7890-5EFE-4B2A-BA4D-4007AC343C58}
		{873497DD-BB87-4E80-83CE-0A3F7E2DA5E9} = {9519DBCC-3EA1-4217-AF52-DF145072A88F}
		{7DD6D5A5-D078-4D03-B575-680FF721BAB6} = {7E8426F9-325B-41AC-A940-B0094CE835AF}
		{9519DBCC-3EA1-4217-AF52-DF145072A88F} = {5DAD0181-B081-4D18-8A17-038DFD84D424}
		{7E8426F9-325B-41AC-A940-B0094CE835AF} = {5DAD0181-B081-4D18-8A17-038DFD84D424}
		{57E0D50D-6A5D-4546-8544-25B151F8B95D} = {9519DBCC-3EA1-4217-AF52-DF145072A88F}
		{D616681F-DFF6-4518-9421-1623A1AAE2C8} = {7928A8B3-DE29-4A29-86B7-3EF8454CA96C}
		{A5F84C1B-CCAD-4088-9121-3A57DD9E96F9} = {134B02F4-33D8-4F04-82BC-3C8007343C8E}
		{E9DF7D28-5925-4791-8F15-134693F6270F} = {134B02F4-33D8-4F04-82BC-3C8007343C8E}
		{CD3B7AE3-ADC4-4970-B311-D4389BB0E11B} = {A5F84C1B-CCAD-4088-9121-3A57DD9E96F9}
		{151BA7A1-9B56-4C58-8963-9CAE1F19613F} = {E9DF7D28-5925-4791-8F15-134693F6270F}
		{7928A8B3-DE29-4A29-86B7-3EF8454CA96C} = {57E0D50D-6A5D-4546-8544-25B151F8B95D}
		{7167BF4A-027F-4059-9148-D803D37C8623} = {7E8426F9-325B-41AC-A940-B0094CE835AF}
		{2FA18FDB-39CB-4371-A658-2F6335DA4A51} = {7167BF4A-027F-4059-9148-D803D37C8623}
		{55E924B2-180B-49AA-A871-2FD2979987AF} = {6A2069F9-1F8C-4555-9F5E-91B048F6F85C}
		{BE96E0D2-E426-4290-8800-41033B3E0C1B} = {6A2069F9-1F8C-4555-9F5E-91B048F6F85C}
		{4C639154-E52B-43B8-98C7-87FB3CE747E2} = {BE96E0D2-E426-4290-8800-41033B3E0C1B}
		{12C25C3F-0895-4D19-8CEE-844BF6ACC221} = {55E924B2-180B-49AA-A871-2FD2979987AF}
		{56E9E298-674F-449C-84CA-9022B39AC9DC} = {134B02F4-33D8-4F04-82BC-3C8007343C8E}
		{B7EFB46C-F1ED-41A9-8651-AF1179A51115} = {134B02F4-33D8-4F04-82BC-3C8007343C8E}
		{4D7B3C35-B413-4D38-AAAE-7A6B28E6846D} = {B7EFB46C-F1ED-41A9-8651-AF1179A51115}
		{3505BE97-490D-4047-B8A9-639D39D89272} = {56E9E298-674F-449C-84CA-9022B39AC9DC}
		{FC24E77B-B88F-403E-8A3C-3300885FFDEB} = {5DAD0181-B081-4D18-8A17-038DFD84D424}
		{8A252D72-7EF1-41E7-82B3-D95BBE9E3105} = {5DAD0181-B081-4D18-8A17-038DFD84D424}
		{9D2CB24E-1D05-477B-A1E6-98B7B27BBDD7} = {8A252D72-7EF1-41E7-82B3-D95BBE9E3105}
		{55130FF2-25E6-47EC-B910-60C19AC07494} = {FC24E77B-B88F-403E-8A3C-3300885FFDEB}
		{DC887E0B-7DD2-4163-A250-85A9CA81AA1C} = {8A252D72-7EF1-41E7-82B3-D95BBE9E3105}
		{88E95D6C-3082-4F8C-B275-CB5D67D8AEA6} = {FC24E77B-B88F-403E-8A3C-3300885FFDEB}
		{DA66F1F6-57DE-42F7-9C78-57AA5759B6EB} = {DC887E0B-7DD2-4163-A250-85A9CA81AA1C}
		{F6F2B7C3-F79F-4EA6-8267-5F1630BD0099} = {88E95D6C-3082-4F8C-B275-CB5D67D8AEA6}
		{DFF5110D-4AC0-4562-9763-B0EB54DE28F2} = {134B02F4-33D8-4F04-82BC-3C8007343C8E}
		{3392ADA9-0C4E-46C8-A205-C96480CC7DAC} = {5DAD0181-B081-4D18-8A17-038DFD84D424}
		{84433529-E7B8-4A2F-B170-3DE50E6DD057} = {3392ADA9-0C4E-46C8-A205-C96480CC7DAC}
		{161F0464-973D-4791-9245-87F30AD62FAA} = {DFF5110D-4AC0-4562-9763-B0EB54DE28F2}
		{3E1447A3-0059-41C6-9931-68D7E74E1320} = {3392ADA9-0C4E-46C8-A205-C96480CC7DAC}
		{1FDBBB3F-D72C-45FF-A932-951539C3BB97} = {3E1447A3-0059-41C6-9931-68D7E74E1320}
		{25FE5479-F98F-484D-93DE-EFD921DA9C60} = {1FDBBB3F-D72C-45FF-A932-951539C3BB97}
	EndGlobalSection
	GlobalSection(ExtensibilityGlobals) = postSolution
		SolutionGuid = {FD8639CC-82FC-479A-915A-BDE93A675C4D}
	EndGlobalSection
EndGlobal
